
Microsoft Visual Studio Solution File, Format Version 12.00
# Visual Studio Version 17
VisualStudioVersion = 17.7.34031.279
MinimumVisualStudioVersion = 10.0.40219.1
Project("{8BC9CEB8-8B4A-11D0-8D11-00A0C91BC942}") = "VitkorinaGame", "VitkorinaGame\VitkorinaGame.vcxproj", "{53B69F70-28BB-49CB-A65F-6AADFCB1646F}"
EndProject
Global
	GlobalSection(SolutionConfigurationPlatforms) = preSolution
		Debug|x64 = Debug|x64
		Debug|x86 = Debug|x86
		Release|x64 = Release|x64
		Release|x86 = Release|x86
	EndGlobalSection
	GlobalSection(ProjectConfigurationPlatforms) = postSolution
		{53B69F70-28BB-49CB-A65F-6AADFCB1646F}.Debug|x64.ActiveCfg = Debug|x64
		{53B69F70-28BB-49CB-A65F-6AADFCB1646F}.Debug|x64.Build.0 = Debug|x64
		{53B69F70-28BB-49CB-A65F-6AADFCB1646F}.Debug|x86.ActiveCfg = Debug|Win32
		{53B69F70-28BB-49CB-A65F-6AADFCB1646F}.Debug|x86.Build.0 = Debug|Win32
		{53B69F70-28BB-49CB-A65F-6AADFCB1646F}.Release|x64.ActiveCfg = Release|x64
		{53B69F70-28BB-49CB-A65F-6AADFCB1646F}.Release|x64.Build.0 = Release|x64
		{53B69F70-28BB-49CB-A65F-6AADFCB1646F}.Release|x86.ActiveCfg = Release|Win32
		{53B69F70-28BB-49CB-A65F-6AADFCB1646F}.Release|x86.Build.0 = Release|Win32
	EndGlobalSection
	GlobalSection(SolutionProperties) = preSolution
		HideSolutionNode = FALSE
	EndGlobalSection
	GlobalSection(ExtensibilityGlobals) = postSolution
		SolutionGuid = {6BF01F34-70DB-4E90-9963-44C84B639D26}
	EndGlobalSection
EndGlobal
